
Microsoft Visual Studio Solution File, Format Version 12.00
# Visual Studio Version 17
VisualStudioVersion = 17.0.31903.59
MinimumVisualStudioVersion = 10.0.40219.1
Project("{9A19103F-16F7-4668-BE54-9A1E7A4F7556}") = "AppAPI", "API\AppAPI.csproj", "{A64C8341-C4BC-4742-9004-9C3CAB7ADE5C}"
EndProject
Project("{2150E333-8FDC-42A3-9474-1A3956D46DE8}") = "src", "src", "{9EFD30F4-6D93-4A08-883F-1D0F54294372}"
EndProject
Project("{2150E333-8FDC-42A3-9474-1A3956D46DE8}") = "Hosts", "Hosts", "{86BEAC6D-B6E8-4C38-97F3-8753BD444F3E}"
EndProject
Project("{2150E333-8FDC-42A3-9474-1A3956D46DE8}") = "Common", "Common", "{B09C4240-3CCA-4604-8590-B71B3B5AEC48}"
EndProject
Project("{9A19103F-16F7-4668-BE54-9A1E7A4F7556}") = "Core", "Core\Core.csproj", "{65A82B56-D4B1-4359-809C-E1A49B6AC28E}"
EndProject
Project("{9A19103F-16F7-4668-BE54-9A1E7A4F7556}") = "DTO", "DTO\DTO.csproj", "{DB6E35B0-E2DE-42C2-A91E-6B1728D5E695}"
EndProject
Project("{9A19103F-16F7-4668-BE54-9A1E7A4F7556}") = "Helpers", "Helpers\Helpers.csproj", "{59207577-13D4-4C28-AE87-777D3EC5EF5F}"
EndProject
Project("{2150E333-8FDC-42A3-9474-1A3956D46DE8}") = "Data Access", "Data Access", "{0055C67D-6521-4C56-8174-F87C721068EA}"
EndProject
Project("{9A19103F-16F7-4668-BE54-9A1E7A4F7556}") = "DB", "DB\DB.csproj", "{6EF5E13D-3564-46A7-8232-15921907D0AA}"
EndProject
Project("{2150E333-8FDC-42A3-9474-1A3956D46DE8}") = "Services", "Services", "{CA54FF70-C8D5-4C81-9A64-1FD2CC37E940}"
EndProject
Project("{9A19103F-16F7-4668-BE54-9A1E7A4F7556}") = "IServiceContractor", "IServiceContractor\IServiceContractor.csproj", "{B95339CA-B35D-422A-85B7-3D640B6BDD73}"
EndProject
Project("{9A19103F-16F7-4668-BE54-9A1E7A4F7556}") = "Localization", "Localization\Localization.csproj", "{69143E0D-79AB-41E7-8E72-B5B519CE8EEB}"
EndProject
Project("{9A19103F-16F7-4668-BE54-9A1E7A4F7556}") = "Service", "Service\Service.csproj", "{D08D9DAC-F7A8-4241-A989-E6FA56D82E80}"
	ProjectSection(ProjectDependencies) = postProject
		{69143E0D-79AB-41E7-8E72-B5B519CE8EEB} = {69143E0D-79AB-41E7-8E72-B5B519CE8EEB}
		{6EF5E13D-3564-46A7-8232-15921907D0AA} = {6EF5E13D-3564-46A7-8232-15921907D0AA}
		{65A82B56-D4B1-4359-809C-E1A49B6AC28E} = {65A82B56-D4B1-4359-809C-E1A49B6AC28E}
		{DB6E35B0-E2DE-42C2-A91E-6B1728D5E695} = {DB6E35B0-E2DE-42C2-A91E-6B1728D5E695}
		{B95339CA-B35D-422A-85B7-3D640B6BDD73} = {B95339CA-B35D-422A-85B7-3D640B6BDD73}
	EndProjectSection
EndProject
Project("{9A19103F-16F7-4668-BE54-9A1E7A4F7556}") = "Validator", "Validator\Validator.csproj", "{0E5BA258-414E-4F76-8F08-3C40F5C30E4D}"
EndProject
Project("{9A19103F-16F7-4668-BE54-9A1E7A4F7556}") = "HelperServices", "CommonServices\HelperServices.csproj", "{9E224F8C-18A4-4B64-8475-B0D93B361710}"
EndProject
Global
	GlobalSection(SolutionConfigurationPlatforms) = preSolution
		Debug|Any CPU = Debug|Any CPU
		Release|Any CPU = Release|Any CPU
	EndGlobalSection
	GlobalSection(ProjectConfigurationPlatforms) = postSolution
		{A64C8341-C4BC-4742-9004-9C3CAB7ADE5C}.Debug|Any CPU.ActiveCfg = Debug|Any CPU
		{A64C8341-C4BC-4742-9004-9C3CAB7ADE5C}.Debug|Any CPU.Build.0 = Debug|Any CPU
		{A64C8341-C4BC-4742-9004-9C3CAB7ADE5C}.Release|Any CPU.ActiveCfg = Release|Any CPU
		{A64C8341-C4BC-4742-9004-9C3CAB7ADE5C}.Release|Any CPU.Build.0 = Release|Any CPU
		{65A82B56-D4B1-4359-809C-E1A49B6AC28E}.Debug|Any CPU.ActiveCfg = Debug|Any CPU
		{65A82B56-D4B1-4359-809C-E1A49B6AC28E}.Debug|Any CPU.Build.0 = Debug|Any CPU
		{65A82B56-D4B1-4359-809C-E1A49B6AC28E}.Release|Any CPU.ActiveCfg = Release|Any CPU
		{65A82B56-D4B1-4359-809C-E1A49B6AC28E}.Release|Any CPU.Build.0 = Release|Any CPU
		{DB6E35B0-E2DE-42C2-A91E-6B1728D5E695}.Debug|Any CPU.ActiveCfg = Debug|Any CPU
		{DB6E35B0-E2DE-42C2-A91E-6B1728D5E695}.Debug|Any CPU.Build.0 = Debug|Any CPU
		{DB6E35B0-E2DE-42C2-A91E-6B1728D5E695}.Release|Any CPU.ActiveCfg = Release|Any CPU
		{DB6E35B0-E2DE-42C2-A91E-6B1728D5E695}.Release|Any CPU.Build.0 = Release|Any CPU
		{59207577-13D4-4C28-AE87-777D3EC5EF5F}.Debug|Any CPU.ActiveCfg = Debug|Any CPU
		{59207577-13D4-4C28-AE87-777D3EC5EF5F}.Debug|Any CPU.Build.0 = Debug|Any CPU
		{59207577-13D4-4C28-AE87-777D3EC5EF5F}.Release|Any CPU.ActiveCfg = Release|Any CPU
		{59207577-13D4-4C28-AE87-777D3EC5EF5F}.Release|Any CPU.Build.0 = Release|Any CPU
		{6EF5E13D-3564-46A7-8232-15921907D0AA}.Debug|Any CPU.ActiveCfg = Debug|Any CPU
		{6EF5E13D-3564-46A7-8232-15921907D0AA}.Debug|Any CPU.Build.0 = Debug|Any CPU
		{6EF5E13D-3564-46A7-8232-15921907D0AA}.Release|Any CPU.ActiveCfg = Release|Any CPU
		{6EF5E13D-3564-46A7-8232-15921907D0AA}.Release|Any CPU.Build.0 = Release|Any CPU
		{B95339CA-B35D-422A-85B7-3D640B6BDD73}.Debug|Any CPU.ActiveCfg = Debug|Any CPU
		{B95339CA-B35D-422A-85B7-3D640B6BDD73}.Debug|Any CPU.Build.0 = Debug|Any CPU
		{B95339CA-B35D-422A-85B7-3D640B6BDD73}.Release|Any CPU.ActiveCfg = Release|Any CPU
		{B95339CA-B35D-422A-85B7-3D640B6BDD73}.Release|Any CPU.Build.0 = Release|Any CPU
		{69143E0D-79AB-41E7-8E72-B5B519CE8EEB}.Debug|Any CPU.ActiveCfg = Debug|Any CPU
		{69143E0D-79AB-41E7-8E72-B5B519CE8EEB}.Debug|Any CPU.Build.0 = Debug|Any CPU
		{69143E0D-79AB-41E7-8E72-B5B519CE8EEB}.Release|Any CPU.ActiveCfg = Release|Any CPU
		{69143E0D-79AB-41E7-8E72-B5B519CE8EEB}.Release|Any CPU.Build.0 = Release|Any CPU
		{D08D9DAC-F7A8-4241-A989-E6FA56D82E80}.Debug|Any CPU.ActiveCfg = Debug|Any CPU
		{D08D9DAC-F7A8-4241-A989-E6FA56D82E80}.Debug|Any CPU.Build.0 = Debug|Any CPU
		{D08D9DAC-F7A8-4241-A989-E6FA56D82E80}.Release|Any CPU.ActiveCfg = Release|Any CPU
		{D08D9DAC-F7A8-4241-A989-E6FA56D82E80}.Release|Any CPU.Build.0 = Release|Any CPU
		{0E5BA258-414E-4F76-8F08-3C40F5C30E4D}.Debug|Any CPU.ActiveCfg = Debug|Any CPU
		{0E5BA258-414E-4F76-8F08-3C40F5C30E4D}.Debug|Any CPU.Build.0 = Debug|Any CPU
		{0E5BA258-414E-4F76-8F08-3C40F5C30E4D}.Release|Any CPU.ActiveCfg = Release|Any CPU
		{0E5BA258-414E-4F76-8F08-3C40F5C30E4D}.Release|Any CPU.Build.0 = Release|Any CPU
		{9E224F8C-18A4-4B64-8475-B0D93B361710}.Debug|Any CPU.ActiveCfg = Debug|Any CPU
		{9E224F8C-18A4-4B64-8475-B0D93B361710}.Debug|Any CPU.Build.0 = Debug|Any CPU
		{9E224F8C-18A4-4B64-8475-B0D93B361710}.Release|Any CPU.ActiveCfg = Release|Any CPU
		{9E224F8C-18A4-4B64-8475-B0D93B361710}.Release|Any CPU.Build.0 = Release|Any CPU
	EndGlobalSection
	GlobalSection(SolutionProperties) = preSolution
		HideSolutionNode = FALSE
	EndGlobalSection
	GlobalSection(NestedProjects) = preSolution
		{A64C8341-C4BC-4742-9004-9C3CAB7ADE5C} = {86BEAC6D-B6E8-4C38-97F3-8753BD444F3E}
		{86BEAC6D-B6E8-4C38-97F3-8753BD444F3E} = {9EFD30F4-6D93-4A08-883F-1D0F54294372}
		{B09C4240-3CCA-4604-8590-B71B3B5AEC48} = {9EFD30F4-6D93-4A08-883F-1D0F54294372}
		{65A82B56-D4B1-4359-809C-E1A49B6AC28E} = {B09C4240-3CCA-4604-8590-B71B3B5AEC48}
		{DB6E35B0-E2DE-42C2-A91E-6B1728D5E695} = {B09C4240-3CCA-4604-8590-B71B3B5AEC48}
		{59207577-13D4-4C28-AE87-777D3EC5EF5F} = {B09C4240-3CCA-4604-8590-B71B3B5AEC48}
		{0055C67D-6521-4C56-8174-F87C721068EA} = {9EFD30F4-6D93-4A08-883F-1D0F54294372}
		{6EF5E13D-3564-46A7-8232-15921907D0AA} = {0055C67D-6521-4C56-8174-F87C721068EA}
		{CA54FF70-C8D5-4C81-9A64-1FD2CC37E940} = {9EFD30F4-6D93-4A08-883F-1D0F54294372}
		{B95339CA-B35D-422A-85B7-3D640B6BDD73} = {CA54FF70-C8D5-4C81-9A64-1FD2CC37E940}
		{69143E0D-79AB-41E7-8E72-B5B519CE8EEB} = {CA54FF70-C8D5-4C81-9A64-1FD2CC37E940}
		{D08D9DAC-F7A8-4241-A989-E6FA56D82E80} = {CA54FF70-C8D5-4C81-9A64-1FD2CC37E940}
		{0E5BA258-414E-4F76-8F08-3C40F5C30E4D} = {CA54FF70-C8D5-4C81-9A64-1FD2CC37E940}
		{9E224F8C-18A4-4B64-8475-B0D93B361710} = {CA54FF70-C8D5-4C81-9A64-1FD2CC37E940}
	EndGlobalSection
	GlobalSection(ExtensibilityGlobals) = postSolution
		SolutionGuid = {56CA01F0-01FD-48BD-8C43-3D7171D7622B}
	EndGlobalSection
EndGlobal
